dependencies:
  espressif/esp32-camera:
    component_hash: b8ac31f1c94f5f051f4a19b7c7ccdb1ee53fcb63f13b340c496ba178bdd6305a
    source:
      service_url: https://api.components.espressif.com/
      type: service
    version: 2.0.6
  idf:
    component_hash: null
    source:
      type: idf
    version: 5.1.2
  protocol_examples_common:
    component_hash: null
    source:
      path: C:\Users\suq\esp\esp-idf\examples\common_components\protocol_examples_common
      type: local
    version: '*'
manifest_hash: c7ee946322a5611b5af353dbcd6510b7c314ee0483ec9b44a6a9d667ab8a79e1
target: esp32s3
version: 1.0.0
